{
  "originHash" : "907ecd41007adf3a46e2ecabc4ad37bdc8bcdb62560b642baf665ab86def53f9",
  "pins" : [
    {
      "identity" : "pixivswift",
      "kind" : "remoteSourceControl",
      "location" : "https://github.com/theBreadCompany/pixivswift.git",
      "state" : {
        "revision" : "a5e89f98096f1207a4073deeceafa8decb197620",
        "version" : "1.1.8"
      }
    },
    {
      "identity" : "zipfoundation",
      "kind" : "remoteSourceControl",
      "location" : "https://github.com/weichsel/ZIPFoundation.git",
      "state" : {
        "revision" : "02b6abe5f6eef7e3cbd5f247c5cc24e246efcfe0",
        "version" : "0.9.19"
      }
    }
  ],
  "version" : 3
}
